{
  "version": 4,
  "terraform_version": "1.3.7",
  "serial": 158,
  "lineage": "af0b3d26-a9e6-7095-797c-b1708a786b8e",
  "outputs": {},
  "resources": [
    {
      "mode": "data",
      "type": "aws_caller_identity",
      "name": "current",
      "provider": "provider[\"registry.terraform.io/hashicorp/aws\"]",
      "instances": [
        {
          "schema_version": 0,
          "attributes": {
            "account_id": "911733299862",
            "arn": "arn:aws:iam::911733299862:user/Whiz_User_93331.69705345",
            "id": "911733299862",
            "user_id": "AIDA5IR4KDKLPND664FLU"
          },
          "sensitive_attributes": []
        }
      ]
    },
    {
      "mode": "data",
      "type": "aws_iam_policy_document",
      "name": "cw_document",
      "provider": "provider[\"registry.terraform.io/hashicorp/aws\"]",
      "instances": [
        {
          "schema_version": 0,
          "attributes": {
            "id": "3515010919",
            "json": "{\n  \"Version\": \"2012-10-17\",\n  \"Statement\": [\n    {\n      \"Sid\": \"\",\n      \"Effect\": \"Allow\",\n      \"Action\": \"logs:CreateLogGroup\",\n      \"Resource\": \"arn:aws:logs:us-east-1:911733299862:*\"\n    },\n    {\n      \"Sid\": \"\",\n      \"Effect\": \"Allow\",\n      \"Action\": [\n        \"logs:PutLogEvents\",\n        \"logs:CreateLogStream\"\n      ],\n      \"Resource\": \"arn:aws:logs:us-east-1:911733299862:log-group:/aws/lambda/s3-file-loader:*\"\n    }\n  ]\n}",
            "override_json": null,
            "override_policy_documents": null,
            "policy_id": null,
            "source_json": null,
            "source_policy_documents": null,
            "statement": [
              {
                "actions": [
                  "logs:CreateLogGroup"
                ],
                "condition": [],
                "effect": "Allow",
                "not_actions": [],
                "not_principals": [],
                "not_resources": [],
                "principals": [],
                "resources": [
                  "arn:aws:logs:us-east-1:911733299862:*"
                ],
                "sid": ""
              },
              {
                "actions": [
                  "logs:CreateLogStream",
                  "logs:PutLogEvents"
                ],
                "condition": [],
                "effect": "Allow",
                "not_actions": [],
                "not_principals": [],
                "not_resources": [],
                "principals": [],
                "resources": [
                  "arn:aws:logs:us-east-1:911733299862:log-group:/aws/lambda/s3-file-loader:*"
                ],
                "sid": ""
              }
            ],
            "version": "2012-10-17"
          },
          "sensitive_attributes": []
        }
      ]
    },
    {
      "mode": "data",
      "type": "aws_iam_policy_document",
      "name": "s3_document",
      "provider": "provider[\"registry.terraform.io/hashicorp/aws\"]",
      "instances": [
        {
          "schema_version": 0,
          "attributes": {
            "id": "59235241",
            "json": "{\n  \"Version\": \"2012-10-17\",\n  \"Statement\": [\n    {\n      \"Sid\": \"\",\n      \"Effect\": \"Allow\",\n      \"Action\": \"s3:GetObject\",\n      \"Resource\": [\n        \"arn:aws:s3:::sqhells-transform-20230223151408121600000004/*\",\n        \"arn:aws:s3:::sqhells-processed-20230223151408121400000003/*\",\n        \"arn:aws:s3:::sqhells-code-120230223151408121900000005/*\"\n      ]\n    },\n    {\n      \"Sid\": \"\",\n      \"Effect\": \"Allow\",\n      \"Action\": \"s3:ListBucket\",\n      \"Resource\": [\n        \"arn:aws:s3:::sqhells-transform-20230223151408121600000004/*\",\n        \"arn:aws:s3:::sqhells-transform-20230223151408121600000004\",\n        \"arn:aws:s3:::sqhells-processed-20230223151408121400000003/*\",\n        \"arn:aws:s3:::sqhells-processed-20230223151408121400000003\",\n        \"arn:aws:s3:::sqhells-code-120230223151408121900000005/*\"\n      ]\n    },\n    {\n      \"Sid\": \"\",\n      \"Effect\": \"Allow\",\n      \"Action\": \"s3:ListAllMyBuckets\",\n      \"Resource\": \"arn:aws:s3:::*\"\n    }\n  ]\n}",
            "override_json": null,
            "override_policy_documents": null,
            "policy_id": null,
            "source_json": null,
            "source_policy_documents": null,
            "statement": [
              {
                "actions": [
                  "s3:GetObject"
                ],
                "condition": [],
                "effect": "Allow",
                "not_actions": [],
                "not_principals": [],
                "not_resources": [],
                "principals": [],
                "resources": [
                  "arn:aws:s3:::sqhells-code-120230223151408121900000005/*",
                  "arn:aws:s3:::sqhells-processed-20230223151408121400000003/*",
                  "arn:aws:s3:::sqhells-transform-20230223151408121600000004/*"
                ],
                "sid": ""
              },
              {
                "actions": [
                  "s3:ListBucket"
                ],
                "condition": [],
                "effect": "Allow",
                "not_actions": [],
                "not_principals": [],
                "not_resources": [],
                "principals": [],
                "resources": [
                  "arn:aws:s3:::sqhells-code-120230223151408121900000005/*",
                  "arn:aws:s3:::sqhells-processed-20230223151408121400000003",
                  "arn:aws:s3:::sqhells-processed-20230223151408121400000003/*",
                  "arn:aws:s3:::sqhells-transform-20230223151408121600000004",
                  "arn:aws:s3:::sqhells-transform-20230223151408121600000004/*"
                ],
                "sid": ""
              },
              {
                "actions": [
                  "s3:ListAllMyBuckets"
                ],
                "condition": [],
                "effect": "Allow",
                "not_actions": [],
                "not_principals": [],
                "not_resources": [],
                "principals": [],
                "resources": [
                  "arn:aws:s3:::*"
                ],
                "sid": ""
              }
            ],
            "version": "2012-10-17"
          },
          "sensitive_attributes": []
        }
      ]
    },
    {
      "mode": "data",
      "type": "aws_region",
      "name": "current",
      "provider": "provider[\"registry.terraform.io/hashicorp/aws\"]",
      "instances": [
        {
          "schema_version": 0,
          "attributes": {
            "description": "US East (N. Virginia)",
            "endpoint": "ec2.us-east-1.amazonaws.com",
            "id": "us-east-1",
            "name": "us-east-1"
          },
          "sensitive_attributes": []
        }
      ]
    },
    {
      "mode": "managed",
      "type": "aws_iam_policy",
      "name": "cw_policy",
      "provider": "provider[\"registry.terraform.io/hashicorp/aws\"]",
      "instances": [
        {
          "schema_version": 0,
          "attributes": {
            "arn": "arn:aws:iam::911733299862:policy/cw-policy-s3-file-loader20230223151408116200000001",
            "description": "",
            "id": "arn:aws:iam::911733299862:policy/cw-policy-s3-file-loader20230223151408116200000001",
            "name": "cw-policy-s3-file-loader20230223151408116200000001",
            "name_prefix": "cw-policy-s3-file-loader",
            "path": "/",
            "policy": "{\"Statement\":[{\"Action\":\"logs:CreateLogGroup\",\"Effect\":\"Allow\",\"Resource\":\"arn:aws:logs:us-east-1:911733299862:*\",\"Sid\":\"\"},{\"Action\":[\"logs:PutLogEvents\",\"logs:CreateLogStream\"],\"Effect\":\"Allow\",\"Resource\":\"arn:aws:logs:us-east-1:911733299862:log-group:/aws/lambda/s3-file-loader:*\",\"Sid\":\"\"}],\"Version\":\"2012-10-17\"}",
            "policy_id": "ANPA5IR4KDKLHCQBTUGZS",
            "tags": {},
            "tags_all": {}
          },
          "sensitive_attributes": [],
          "private": "bnVsbA==",
          "dependencies": [
            "data.aws_caller_identity.current",
            "data.aws_iam_policy_document.cw_document",
            "data.aws_region.current"
          ]
        }
      ]
    },
    {
      "mode": "managed",
      "type": "aws_iam_policy",
      "name": "s3_policy",
      "provider": "provider[\"registry.terraform.io/hashicorp/aws\"]",
      "instances": [
        {
          "schema_version": 0,
          "attributes": {
            "arn": "arn:aws:iam::911733299862:policy/s3-policy-s3-file-loader20230223151410859500000007",
            "description": "",
            "id": "arn:aws:iam::911733299862:policy/s3-policy-s3-file-loader20230223151410859500000007",
            "name": "s3-policy-s3-file-loader20230223151410859500000007",
            "name_prefix": "s3-policy-s3-file-loader",
            "path": "/",
            "policy": "{\"Statement\":[{\"Action\":\"s3:GetObject\",\"Effect\":\"Allow\",\"Resource\":[\"arn:aws:s3:::sqhells-transform-20230223151408121600000004/*\",\"arn:aws:s3:::sqhells-processed-20230223151408121400000003/*\",\"arn:aws:s3:::sqhells-code-120230223151408121900000005/*\"],\"Sid\":\"\"},{\"Action\":\"s3:ListBucket\",\"Effect\":\"Allow\",\"Resource\":[\"arn:aws:s3:::sqhells-transform-20230223151408121600000004/*\",\"arn:aws:s3:::sqhells-transform-20230223151408121600000004\",\"arn:aws:s3:::sqhells-processed-20230223151408121400000003/*\",\"arn:aws:s3:::sqhells-processed-20230223151408121400000003\",\"arn:aws:s3:::sqhells-code-120230223151408121900000005/*\"],\"Sid\":\"\"},{\"Action\":\"s3:ListAllMyBuckets\",\"Effect\":\"Allow\",\"Resource\":\"arn:aws:s3:::*\",\"Sid\":\"\"}],\"Version\":\"2012-10-17\"}",
            "policy_id": "ANPA5IR4KDKLBJOYOMSNZ",
            "tags": {},
            "tags_all": {}
          },
          "sensitive_attributes": [],
          "private": "bnVsbA==",
          "dependencies": [
            "aws_s3_bucket.code_bucket",
            "aws_s3_bucket.data_bucket_one",
            "aws_s3_bucket.data_bucket_two",
            "data.aws_iam_policy_document.s3_document"
          ]
        }
      ]
    },
    {
      "mode": "managed",
      "type": "aws_iam_role",
      "name": "lambda_role",
      "provider": "provider[\"registry.terraform.io/hashicorp/aws\"]",
      "instances": [
        {
          "schema_version": 0,
          "attributes": {
            "arn": "arn:aws:iam::911733299862:role/role-s3-file-loader20230223151408116900000002",
            "assume_role_policy": "{\"Statement\":[{\"Action\":[\"sts:AssumeRole\"],\"Effect\":\"Allow\",\"Principal\":{\"Service\":[\"lambda.amazonaws.com\"]}}],\"Version\":\"2012-10-17\"}",
            "create_date": "2023-02-23T15:14:08Z",
            "description": "",
            "force_detach_policies": false,
            "id": "role-s3-file-loader20230223151408116900000002",
            "inline_policy": [],
            "managed_policy_arns": [
              "arn:aws:iam::911733299862:policy/cw-policy-s3-file-loader20230223151408116200000001",
              "arn:aws:iam::911733299862:policy/s3-policy-s3-file-loader20230223151410859500000007"
            ],
            "max_session_duration": 3600,
            "name": "role-s3-file-loader20230223151408116900000002",
            "name_prefix": "role-s3-file-loader",
            "path": "/",
            "permissions_boundary": null,
            "tags": {},
            "tags_all": {},
            "unique_id": "AROA5IR4KDKLLBXFCGCEN"
          },
          "sensitive_attributes": [],
          "private": "bnVsbA=="
        }
      ]
    },
    {
      "mode": "managed",
      "type": "aws_iam_role_policy_attachment",
      "name": "lambda_cw_policy_attachment",
      "provider": "provider[\"registry.terraform.io/hashicorp/aws\"]",
      "instances": [
        {
          "schema_version": 0,
          "attributes": {
            "id": "role-s3-file-loader20230223151408116900000002-20230223151409202000000006",
            "policy_arn": "arn:aws:iam::911733299862:policy/cw-policy-s3-file-loader20230223151408116200000001",
            "role": "role-s3-file-loader20230223151408116900000002"
          },
          "sensitive_attributes": [],
          "private": "bnVsbA==",
          "dependencies": [
            "aws_iam_policy.cw_policy",
            "aws_iam_role.lambda_role",
            "data.aws_caller_identity.current",
            "data.aws_iam_policy_document.cw_document",
            "data.aws_region.current"
          ]
        }
      ]
    },
    {
      "mode": "managed",
      "type": "aws_iam_role_policy_attachment",
      "name": "lambda_s3_policy_attachment",
      "provider": "provider[\"registry.terraform.io/hashicorp/aws\"]",
      "instances": [
        {
          "schema_version": 0,
          "attributes": {
            "id": "role-s3-file-loader20230223151408116900000002-20230223151411510500000008",
            "policy_arn": "arn:aws:iam::911733299862:policy/s3-policy-s3-file-loader20230223151410859500000007",
            "role": "role-s3-file-loader20230223151408116900000002"
          },
          "sensitive_attributes": [],
          "private": "bnVsbA==",
          "dependencies": [
            "aws_iam_policy.s3_policy",
            "aws_iam_role.lambda_role",
            "aws_s3_bucket.code_bucket",
            "aws_s3_bucket.data_bucket_one",
            "aws_s3_bucket.data_bucket_two",
            "data.aws_iam_policy_document.s3_document"
          ]
        }
      ]
    },
    {
      "mode": "managed",
      "type": "aws_lambda_function",
      "name": "s3_file_loader",
      "provider": "provider[\"registry.terraform.io/hashicorp/aws\"]",
      "instances": [
        {
          "schema_version": 0,
          "attributes": {
            "architectures": [
              "x86_64"
            ],
            "arn": "arn:aws:lambda:us-east-1:911733299862:function:s3-file-loader",
            "code_signing_config_arn": "",
            "dead_letter_config": [],
            "description": "",
            "environment": [],
            "ephemeral_storage": [
              {
                "size": 512
              }
            ],
            "file_system_config": [],
            "filename": null,
            "function_name": "s3-file-loader",
            "handler": "warehouse_loader.lambda_handler",
            "id": "s3-file-loader",
            "image_config": [],
            "image_uri": "",
            "invoke_arn": "arn:aws:apigateway:us-east-1:lambda:path/2015-03-31/functions/arn:aws:lambda:us-east-1:911733299862:function:s3-file-loader/invocations",
            "kms_key_arn": "",
            "last_modified": "2023-02-23T16:33:03.000+0000",
            "layers": [
              "arn:aws:lambda:us-east-1:336392948345:layer:AWSSDKPandas-Python39:3"
            ],
            "memory_size": 128,
            "package_type": "Zip",
            "publish": false,
            "qualified_arn": "arn:aws:lambda:us-east-1:911733299862:function:s3-file-loader:$LATEST",
            "qualified_invoke_arn": "arn:aws:apigateway:us-east-1:lambda:path/2015-03-31/functions/arn:aws:lambda:us-east-1:911733299862:function:s3-file-loader:$LATEST/invocations",
            "replace_security_groups_on_destroy": null,
            "replacement_security_group_ids": null,
            "reserved_concurrent_executions": -1,
            "role": "arn:aws:iam::911733299862:role/role-s3-file-loader20230223151408116900000002",
            "runtime": "python3.9",
            "s3_bucket": "sqhells-code-120230223151408121900000005",
            "s3_key": "s3_file_loader/loader_function.zip",
            "s3_object_version": null,
            "signing_job_arn": "",
            "signing_profile_version_arn": "",
            "snap_start": [],
            "source_code_hash": "j4lmcW7vG/vQA600Q53wEef9HV9yWXjipIv/o2sWh3E=",
            "source_code_size": 118898,
            "tags": {},
            "tags_all": {},
            "timeout": 300,
            "timeouts": null,
            "tracing_config": [
              {
                "mode": "PassThrough"
              }
            ],
            "version": "$LATEST",
            "vpc_config": []
          },
          "sensitive_attributes": [],
          "private": "eyJlMmJmYjczMC1lY2FhLTExZTYtOGY4OC0zNDM2M2JjN2M0YzAiOnsiY3JlYXRlIjo2MDAwMDAwMDAwMDAsInVwZGF0ZSI6NjAwMDAwMDAwMDAwfX0=",
          "dependencies": [
            "aws_iam_role.lambda_role",
            "aws_s3_bucket.code_bucket"
          ]
        }
      ]
    },
    {
      "mode": "managed",
      "type": "aws_lambda_permission",
      "name": "allow_s3_one",
      "provider": "provider[\"registry.terraform.io/hashicorp/aws\"]",
      "instances": [
        {
          "schema_version": 0,
          "attributes": {
            "action": "lambda:InvokeFunction",
            "event_source_token": "",
            "function_name": "s3-file-loader",
            "function_url_auth_type": "",
            "id": "terraform-20230223151457100900000001",
            "principal": "s3.amazonaws.com",
            "principal_org_id": "",
            "qualifier": "",
            "source_account": "911733299862",
            "source_arn": "arn:aws:s3:::sqhells-transform-20230223151408121600000004",
            "statement_id": "terraform-20230223151457100900000001",
            "statement_id_prefix": "terraform-"
          },
          "sensitive_attributes": [],
          "private": "bnVsbA==",
          "dependencies": [
            "aws_iam_role.lambda_role",
            "aws_lambda_function.s3_file_loader",
            "aws_s3_bucket.code_bucket",
            "aws_s3_bucket.data_bucket_one",
            "data.aws_caller_identity.current"
          ]
        }
      ]
    },
    {
      "mode": "managed",
      "type": "aws_lambda_permission",
      "name": "allow_s3_two",
      "provider": "provider[\"registry.terraform.io/hashicorp/aws\"]",
      "instances": [
        {
          "schema_version": 0,
          "attributes": {
            "action": "lambda:InvokeFunction",
            "event_source_token": "",
            "function_name": "s3-file-loader",
            "function_url_auth_type": "",
            "id": "terraform-20230223151457101000000002",
            "principal": "s3.amazonaws.com",
            "principal_org_id": "",
            "qualifier": "",
            "source_account": "911733299862",
            "source_arn": "arn:aws:s3:::sqhells-processed-20230223151408121400000003",
            "statement_id": "terraform-20230223151457101000000002",
            "statement_id_prefix": "terraform-"
          },
          "sensitive_attributes": [],
          "private": "bnVsbA==",
          "dependencies": [
            "aws_iam_role.lambda_role",
            "aws_lambda_function.s3_file_loader",
            "aws_s3_bucket.code_bucket",
            "aws_s3_bucket.data_bucket_two",
            "data.aws_caller_identity.current"
          ]
        }
      ]
    },
    {
      "mode": "managed",
      "type": "aws_s3_bucket",
      "name": "code_bucket",
      "provider": "provider[\"registry.terraform.io/hashicorp/aws\"]",
      "instances": [
        {
          "schema_version": 0,
          "attributes": {
            "acceleration_status": "",
            "acl": null,
            "arn": "arn:aws:s3:::sqhells-code-120230223151408121900000005",
            "bucket": "sqhells-code-120230223151408121900000005",
            "bucket_domain_name": "sqhells-code-120230223151408121900000005.s3.amazonaws.com",
            "bucket_prefix": "sqhells-code-1",
            "bucket_regional_domain_name": "sqhells-code-120230223151408121900000005.s3.amazonaws.com",
            "cors_rule": [],
            "force_destroy": false,
            "grant": [
              {
                "id": "bf3d0ff039cabf373d7cdc02f3205a5cdca0d51061823b46e412c7f99865f123",
                "permissions": [
                  "FULL_CONTROL"
                ],
                "type": "CanonicalUser",
                "uri": ""
              }
            ],
            "hosted_zone_id": "Z3AQBSTGFYJSTF",
            "id": "sqhells-code-120230223151408121900000005",
            "lifecycle_rule": [],
            "logging": [],
            "object_lock_configuration": [],
            "object_lock_enabled": false,
            "policy": "",
            "region": "us-east-1",
            "replication_configuration": [],
            "request_payer": "BucketOwner",
            "server_side_encryption_configuration": [
              {
                "rule": [
                  {
                    "apply_server_side_encryption_by_default": [
                      {
                        "kms_master_key_id": "",
                        "sse_algorithm": "AES256"
                      }
                    ],
                    "bucket_key_enabled": false
                  }
                ]
              }
            ],
            "tags": {},
            "tags_all": {},
            "timeouts": null,
            "versioning": [
              {
                "enabled": false,
                "mfa_delete": false
              }
            ],
            "website": [],
            "website_domain": null,
            "website_endpoint": null
          },
          "sensitive_attributes": [],
          "private": "eyJlMmJmYjczMC1lY2FhLTExZTYtOGY4OC0zNDM2M2JjN2M0YzAiOnsiY3JlYXRlIjoxMjAwMDAwMDAwMDAwLCJkZWxldGUiOjM2MDAwMDAwMDAwMDAsInJlYWQiOjEyMDAwMDAwMDAwMDAsInVwZGF0ZSI6MTIwMDAwMDAwMDAwMH19"
        }
      ]
    },
    {
      "mode": "managed",
      "type": "aws_s3_bucket",
      "name": "data_bucket_one",
      "provider": "provider[\"registry.terraform.io/hashicorp/aws\"]",
      "instances": [
        {
          "schema_version": 0,
          "attributes": {
            "acceleration_status": "",
            "acl": null,
            "arn": "arn:aws:s3:::sqhells-transform-20230223151408121600000004",
            "bucket": "sqhells-transform-20230223151408121600000004",
            "bucket_domain_name": "sqhells-transform-20230223151408121600000004.s3.amazonaws.com",
            "bucket_prefix": "sqhells-transform-",
            "bucket_regional_domain_name": "sqhells-transform-20230223151408121600000004.s3.amazonaws.com",
            "cors_rule": [],
            "force_destroy": false,
            "grant": [
              {
                "id": "bf3d0ff039cabf373d7cdc02f3205a5cdca0d51061823b46e412c7f99865f123",
                "permissions": [
                  "FULL_CONTROL"
                ],
                "type": "CanonicalUser",
                "uri": ""
              }
            ],
            "hosted_zone_id": "Z3AQBSTGFYJSTF",
            "id": "sqhells-transform-20230223151408121600000004",
            "lifecycle_rule": [],
            "logging": [],
            "object_lock_configuration": [],
            "object_lock_enabled": false,
            "policy": "",
            "region": "us-east-1",
            "replication_configuration": [],
            "request_payer": "BucketOwner",
            "server_side_encryption_configuration": [
              {
                "rule": [
                  {
                    "apply_server_side_encryption_by_default": [
                      {
                        "kms_master_key_id": "",
                        "sse_algorithm": "AES256"
                      }
                    ],
                    "bucket_key_enabled": false
                  }
                ]
              }
            ],
            "tags": {},
            "tags_all": {},
            "timeouts": null,
            "versioning": [
              {
                "enabled": false,
                "mfa_delete": false
              }
            ],
            "website": [],
            "website_domain": null,
            "website_endpoint": null
          },
          "sensitive_attributes": [],
          "private": "eyJlMmJmYjczMC1lY2FhLTExZTYtOGY4OC0zNDM2M2JjN2M0YzAiOnsiY3JlYXRlIjoxMjAwMDAwMDAwMDAwLCJkZWxldGUiOjM2MDAwMDAwMDAwMDAsInJlYWQiOjEyMDAwMDAwMDAwMDAsInVwZGF0ZSI6MTIwMDAwMDAwMDAwMH19"
        }
      ]
    },
    {
      "mode": "managed",
      "type": "aws_s3_bucket",
      "name": "data_bucket_two",
      "provider": "provider[\"registry.terraform.io/hashicorp/aws\"]",
      "instances": [
        {
          "schema_version": 0,
          "attributes": {
            "acceleration_status": "",
            "acl": null,
            "arn": "arn:aws:s3:::sqhells-processed-20230223151408121400000003",
            "bucket": "sqhells-processed-20230223151408121400000003",
            "bucket_domain_name": "sqhells-processed-20230223151408121400000003.s3.amazonaws.com",
            "bucket_prefix": "sqhells-processed-",
            "bucket_regional_domain_name": "sqhells-processed-20230223151408121400000003.s3.amazonaws.com",
            "cors_rule": [],
            "force_destroy": false,
            "grant": [
              {
                "id": "bf3d0ff039cabf373d7cdc02f3205a5cdca0d51061823b46e412c7f99865f123",
                "permissions": [
                  "FULL_CONTROL"
                ],
                "type": "CanonicalUser",
                "uri": ""
              }
            ],
            "hosted_zone_id": "Z3AQBSTGFYJSTF",
            "id": "sqhells-processed-20230223151408121400000003",
            "lifecycle_rule": [],
            "logging": [],
            "object_lock_configuration": [],
            "object_lock_enabled": false,
            "policy": "",
            "region": "us-east-1",
            "replication_configuration": [],
            "request_payer": "BucketOwner",
            "server_side_encryption_configuration": [
              {
                "rule": [
                  {
                    "apply_server_side_encryption_by_default": [
                      {
                        "kms_master_key_id": "",
                        "sse_algorithm": "AES256"
                      }
                    ],
                    "bucket_key_enabled": false
                  }
                ]
              }
            ],
            "tags": {},
            "tags_all": {},
            "timeouts": null,
            "versioning": [
              {
                "enabled": false,
                "mfa_delete": false
              }
            ],
            "website": [],
            "website_domain": null,
            "website_endpoint": null
          },
          "sensitive_attributes": [],
          "private": "eyJlMmJmYjczMC1lY2FhLTExZTYtOGY4OC0zNDM2M2JjN2M0YzAiOnsiY3JlYXRlIjoxMjAwMDAwMDAwMDAwLCJkZWxldGUiOjM2MDAwMDAwMDAwMDAsInJlYWQiOjEyMDAwMDAwMDAwMDAsInVwZGF0ZSI6MTIwMDAwMDAwMDAwMH19"
        }
      ]
    },
    {
      "mode": "managed",
      "type": "aws_s3_bucket_notification",
      "name": "bucket_one_notification",
      "provider": "provider[\"registry.terraform.io/hashicorp/aws\"]",
      "instances": [
        {
          "schema_version": 0,
          "attributes": {
            "bucket": "sqhells-transform-20230223151408121600000004",
            "eventbridge": false,
            "id": "sqhells-transform-20230223151408121600000004",
            "lambda_function": [
              {
                "events": [
                  "s3:ObjectCreated:*"
                ],
                "filter_prefix": "",
                "filter_suffix": "",
                "id": "tf-s3-lambda-20230223151457451500000003",
                "lambda_function_arn": "arn:aws:lambda:us-east-1:911733299862:function:s3-file-loader"
              }
            ],
            "queue": [],
            "topic": []
          },
          "sensitive_attributes": [],
          "private": "bnVsbA==",
          "dependencies": [
            "aws_iam_role.lambda_role",
            "aws_lambda_function.s3_file_loader",
            "aws_lambda_permission.allow_s3_one",
            "aws_s3_bucket.code_bucket",
            "aws_s3_bucket.data_bucket_one",
            "data.aws_caller_identity.current"
          ]
        }
      ]
    },
    {
      "mode": "managed",
      "type": "aws_s3_bucket_notification",
      "name": "bucket_two_notification",
      "provider": "provider[\"registry.terraform.io/hashicorp/aws\"]",
      "instances": [
        {
          "schema_version": 0,
          "attributes": {
            "bucket": "sqhells-processed-20230223151408121400000003",
            "eventbridge": false,
            "id": "sqhells-processed-20230223151408121400000003",
            "lambda_function": [
              {
                "events": [
                  "s3:ObjectCreated:*"
                ],
                "filter_prefix": "",
                "filter_suffix": "",
                "id": "tf-s3-lambda-20230223151457734700000004",
                "lambda_function_arn": "arn:aws:lambda:us-east-1:911733299862:function:s3-file-loader"
              }
            ],
            "queue": [],
            "topic": []
          },
          "sensitive_attributes": [],
          "private": "bnVsbA==",
          "dependencies": [
            "aws_iam_role.lambda_role",
            "aws_lambda_function.s3_file_loader",
            "aws_lambda_permission.allow_s3_two",
            "aws_s3_bucket.code_bucket",
            "aws_s3_bucket.data_bucket_two",
            "data.aws_caller_identity.current"
          ]
        }
      ]
    },
    {
      "mode": "managed",
      "type": "aws_s3_object",
      "name": "loader_lambda_code",
      "provider": "provider[\"registry.terraform.io/hashicorp/aws\"]",
      "instances": [
        {
          "schema_version": 0,
          "attributes": {
            "acl": "private",
            "bucket": "sqhells-code-120230223151408121900000005",
            "bucket_key_enabled": false,
            "cache_control": "",
            "content": null,
            "content_base64": null,
            "content_disposition": "",
            "content_encoding": "",
            "content_language": "",
            "content_type": "binary/octet-stream",
            "etag": "c4c9b65e72c0ed86d6e2bbdbfa99d0d7",
            "force_destroy": false,
            "id": "s3_file_loader/loader_function.zip",
            "key": "s3_file_loader/loader_function.zip",
            "kms_key_id": null,
            "metadata": {},
            "object_lock_legal_hold_status": "",
            "object_lock_mode": "",
            "object_lock_retain_until_date": "",
            "server_side_encryption": "AES256",
            "source": "./loader_function.zip",
            "source_hash": null,
            "storage_class": "STANDARD",
            "tags": {},
            "tags_all": {},
            "version_id": "",
            "website_redirect": ""
          },
          "sensitive_attributes": [],
          "private": "bnVsbA==",
          "dependencies": [
            "aws_s3_bucket.code_bucket"
          ]
        }
      ]
    }
  ],
  "check_results": null
}
